// !$*UTF8*$!
{
	archiveVersion = 1;
	classes = {
	};
	objectVersion = 46;
	objects = {

/* Begin PBXBuildFile section */
		B5AB2B9C19F2E99D001681EB /* main.m in Sources */ = {isa = PBXBuildFile; fileRef = B5AB2B9B19F2E99D001681EB /* main.m */; };
		B5AB2B9F19F2E99D001681EB /* AppDelegate.m in Sources */ = {isa = PBXBuildFile; fileRef = B5AB2B9E19F2E99D001681EB /* AppDelegate.m */; };
		B5AB2BA219F2E99D001681EB /* ViewController.m in Sources */ = {isa = PBXBuildFile; fileRef = B5AB2BA119F2E99D001681EB /* ViewController.m */; };
		B5AB2BA519F2E99D001681EB /* Main.storyboard in Resources */ = {isa = PBXBuildFile; fileRef = B5AB2BA319F2E99D001681EB /* Main.storyboard */; };
		B5AB2BA719F2E99D001681EB /* Images.xcassets in Resources */ = {isa = PBXBuildFile; fileRef = B5AB2BA619F2E99D001681EB /* Images.xcassets */; };
		B5AB2BAA19F2E99D001681EB /* LaunchScreen.xib in Resources */ = {isa = PBXBuildFile; fileRef = B5AB2BA819F2E99D001681EB /* LaunchScreen.xib */; };
		B5AB2BB619F2E99D001681EB /* CNPGridMenuTests.m in Sources */ = {isa = PBXBuildFile; fileRef = B5AB2BB519F2E99D001681EB /* CNPGridMenuTests.m */; };
		B5AB2BC219F2EC3B001681EB /* CNPGridMenu.m in Sources */ = {isa = PBXBuildFile; fileRef = B5AB2BC119F2EC3B001681EB /* CNPGridMenu.m */; };
/* End PBXBuildFile section */

/* Begin PBXContainerItemProxy section */
		B5AB2BB019F2E99D001681EB /* PBXContainerItemProxy */ = {
			isa = PBXContainerItemProxy;
			containerPortal = B5AB2B8E19F2E99D001681EB /* Project object */;
			proxyType = 1;
			remoteGlobalIDString = B5AB2B9519F2E99D001681EB;
			remoteInfo = CNPGridMenu;
		};
/* End PBXContainerItemProxy section */

/* Begin PBXFileReference section */
		B5AB2B9619F2E99D001681EB /* CNPGridMenu.app */ = {isa = PBXFileReference; explicitFileType = wrapper.application; includeInIndex = 0; path = CNPGridMenu.app; sourceTree = BUILT_PRODUCTS_DIR; };
		B5AB2B9A19F2E99D001681EB /* Info.plist */ = {isa = PBXFileReference; lastKnownFileType = text.plist.xml; path = Info.plist; sourceTree = "<group>"; };
		B5AB2B9B19F2E99D001681EB /* main.m */ = {isa = PBXFileReference; lastKnownFileType = sourcecode.c.objc; path = main.m; sourceTree = "<group>"; };
		B5AB2B9D19F2E99D001681EB /* AppDelegate.h */ = {isa = PBXFileReference; lastKnownFileType = sourcecode.c.h; path = AppDelegate.h; sourceTree = "<group>"; };
		B5AB2B9E19F2E99D001681EB /* AppDelegate.m */ = {isa = PBXFileReference; lastKnownFileType = sourcecode.c.objc; path = AppDelegate.m; sourceTree = "<group>"; };
		B5AB2BA019F2E99D001681EB /* ViewController.h */ = {isa = PBXFileReference; lastKnownFileType = sourcecode.c.h; path = ViewController.h; sourceTree = "<group>"; };
		B5AB2BA119F2E99D001681EB /* ViewController.m */ = {isa = PBXFileReference; lastKnownFileType = sourcecode.c.objc; path = ViewController.m; sourceTree = "<group>"; };
		B5AB2BA419F2E99D001681EB /* Base */ = {isa = PBXFileReference; lastKnownFileType = file.storyboard; name = Base; path = Base.lproj/Main.storyboard; sourceTree = "<group>"; };
		B5AB2BA619F2E99D001681EB /* Images.xcassets */ = {isa = PBXFileReference; lastKnownFileType = folder.assetcatalog; path = Images.xcassets; sourceTree = "<group>"; };
		B5AB2BA919F2E99D001681EB /* Base */ = {isa = PBXFileReference; lastKnownFileType = file.xib; name = Base; path = Base.lproj/LaunchScreen.xib; sourceTree = "<group>"; };
		B5AB2BAF19F2E99D001681EB /* CNPGridMenuTests.xctest */ = {isa = PBXFileReference; explicitFileType = wrapper.cfbundle; includeInIndex = 0; path = CNPGridMenuTests.xctest; sourceTree = BUILT_PRODUCTS_DIR; };
		B5AB2BB419F2E99D001681EB /* Info.plist */ = {isa = PBXFileReference; lastKnownFileType = text.plist.xml; path = Info.plist; sourceTree = "<group>"; };
		B5AB2BB519F2E99D001681EB /* CNPGridMenuTests.m */ = {isa = PBXFileReference; lastKnownFileType = sourcecode.c.objc; path = CNPGridMenuTests.m; sourceTree = "<group>"; };
		B5AB2BC019F2EC3B001681EB /* CNPGridMenu.h */ = {isa = PBXFileReference; fileEncoding = 4; lastKnownFileType = sourcecode.c.h; path = CNPGridMenu.h; sourceTree = "<group>"; };
		B5AB2BC119F2EC3B001681EB /* CNPGridMenu.m */ = {isa = PBXFileReference; fileEncoding = 4; lastKnownFileType = sourcecode.c.objc; path = CNPGridMenu.m; sourceTree = "<group>"; };
/* End PBXFileReference section */

/* Begin PBXFrameworksBuildPhase section */
		B5AB2B9319F2E99D001681EB /* Frameworks */ = {
			isa = PBXFrameworksBuildPhase;
			buildActionMask = 2147483647;
			files = (
			);
			runOnlyForDeploymentPostprocessing = 0;
		};
		B5AB2BAC19F2E99D001681EB /* Frameworks */ = {
			isa = PBXFrameworksBuildPhase;
			buildActionMask = 2147483647;
			files = (
			);
			runOnlyForDeploymentPostprocessing = 0;
		};
/* End PBXFrameworksBuildPhase section */

/* Begin PBXGroup section */
		B5AB2B8D19F2E99D001681EB = {
			isa = PBXGroup;
			children = (
				B5AB2BBF19F2EC13001681EB /* Source */,
				B5AB2B9819F2E99D001681EB /* CNPGridMenu */,
				B5AB2BB219F2E99D001681EB /* CNPGridMenuTests */,
				B5AB2B9719F2E99D001681EB /* Products */,
			);
			sourceTree = "<group>";
		};
		B5AB2B9719F2E99D001681EB /* Products */ = {
			isa = PBXGroup;
			children = (
				B5AB2B9619F2E99D001681EB /* CNPGridMenu.app */,
				B5AB2BAF19F2E99D001681EB /* CNPGridMenuTests.xctest */,
			);
			name = Products;
			sourceTree = "<group>";
		};
		B5AB2B9819F2E99D001681EB /* CNPGridMenu */ = {
			isa = PBXGroup;
			children = (
				B5AB2B9D19F2E99D001681EB /* AppDelegate.h */,
				B5AB2B9E19F2E99D001681EB /* AppDelegate.m */,
				B5AB2BA019F2E99D001681EB /* ViewController.h */,
				B5AB2BA119F2E99D001681EB /* ViewController.m */,
				B5AB2BA319F2E99D001681EB /* Main.storyboard */,
				B5AB2BA619F2E99D001681EB /* Images.xcassets */,
				B5AB2BA819F2E99D001681EB /* LaunchScreen.xib */,
				B5AB2B9919F2E99D001681EB /* Supporting Files */,
			);
			path = CNPGridMenu;
			sourceTree = "<group>";
		};
		B5AB2B9919F2E99D001681EB /* Supporting Files */ = {
			isa = PBXGroup;
			children = (
				B5AB2B9A19F2E99D001681EB /* Info.plist */,
				B5AB2B9B19F2E99D001681EB /* main.m */,
			);
			name = "Supporting Files";
			sourceTree = "<group>";
		};
		B5AB2BB219F2E99D001681EB /* CNPGridMenuTests */ = {
			isa = PBXGroup;
			children = (
				B5AB2BB519F2E99D001681EB /* CNPGridMenuTests.m */,
				B5AB2BB319F2E99D001681EB /* Supporting Files */,
			);
			path = CNPGridMenuTests;
			sourceTree = "<group>";
		};
		B5AB2BB319F2E99D001681EB /* Supporting Files */ = {
			isa = PBXGroup;
			children = (
				B5AB2BB419F2E99D001681EB /* Info.plist */,
			);
			name = "Supporting Files";
			sourceTree = "<group>";
		};
		B5AB2BBF19F2EC13001681EB /* Source */ = {
			isa = PBXGroup;
			children = (
				B5AB2BC019F2EC3B001681EB /* CNPGridMenu.h */,
				B5AB2BC119F2EC3B001681EB /* CNPGridMenu.m */,
			);
			name = Source;
			path = ../Source;
			sourceTree = "<group>";
		};
/* End PBXGroup section */

/* Begin PBXNativeTarget section */
		B5AB2B9519F2E99D001681EB /* CNPGridMenu */ = {
			isa = PBXNativeTarget;
			buildConfigurationList = B5AB2BB919F2E99D001681EB /* Build configuration list for PBXNativeTarget "CNPGridMenu" */;
			buildPhases = (
				B5AB2B9219F2E99D001681EB /* Sources */,
				B5AB2B9319F2E99D001681EB /* Frameworks */,
				B5AB2B9419F2E99D001681EB /* Resources */,
				B5AB2BC319F2F817001681EB /* ShellScript */,
			);
			buildRules = (
			);
			dependencies = (
			);
			name = CNPGridMenu;
			productName = CNPGridMenu;
			productReference = B5AB2B9619F2E99D001681EB /* CNPGridMenu.app */;
			productType = "com.apple.product-type.application";
		};
		B5AB2BAE19F2E99D001681EB /* CNPGridMenuTests */ = {
			isa = PBXNativeTarget;
			buildConfigurationList = B5AB2BBC19F2E99D001681EB /* Build configuration list for PBXNativeTarget "CNPGridMenuTests" */;
			buildPhases = (
				B5AB2BAB19F2E99D001681EB /* Sources */,
				B5AB2BAC19F2E99D001681EB /* Frameworks */,
				B5AB2BAD19F2E99D001681EB /* Resources */,
			);
			buildRules = (
			);
			dependencies = (
				B5AB2BB119F2E99D001681EB /* PBXTargetDependency */,
			);
			name = CNPGridMenuTests;
			productName = CNPGridMenuTests;
			productReference = B5AB2BAF19F2E99D001681EB /* CNPGridMenuTests.xctest */;
			productType = "com.apple.product-type.bundle.unit-test";
		};
/* End PBXNativeTarget section */

/* Begin PBXProject section */
		B5AB2B8E19F2E99D001681EB /* Project object */ = {
			isa = PBXProject;
			attributes = {
				LastUpgradeCheck = 0600;
				ORGANIZATIONNAME = "Carson Perrotti";
				TargetAttributes = {
					B5AB2B9519F2E99D001681EB = {
						CreatedOnToolsVersion = 6.0.1;
						DevelopmentTeam = 68N685PA62;
					};
					B5AB2BAE19F2E99D001681EB = {
						CreatedOnToolsVersion = 6.0.1;
						TestTargetID = B5AB2B9519F2E99D001681EB;
					};
				};
			};
			buildConfigurationList = B5AB2B9119F2E99D001681EB /* Build configuration list for PBXProject "CNPGridMenu" */;
			compatibilityVersion = "Xcode 3.2";
			developmentRegion = English;
			hasScannedForEncodings = 0;
			knownRegions = (
				en,
				Base,
			);
			mainGroup = B5AB2B8D19F2E99D001681EB;
			productRefGroup = B5AB2B9719F2E99D001681EB /* Products */;
			projectDirPath = "";
			projectRoot = "";
			targets = (
				B5AB2B9519F2E99D001681EB /* CNPGridMenu */,
				B5AB2BAE19F2E99D001681EB /* CNPGridMenuTests */,
			);
		};
/* End PBXProject section */

/* Begin PBXResourcesBuildPhase section */
		B5AB2B9419F2E99D001681EB /* Resources */ = {
			isa = PBXResourcesBuildPhase;
			buildActionMask = 2147483647;
			files = (
				B5AB2BA519F2E99D001681EB /* Main.storyboard in Resources */,
				B5AB2BAA19F2E99D001681EB /* LaunchScreen.xib in Resources */,
				B5AB2BA719F2E99D001681EB /* Images.xcassets in Resources */,
			);
			runOnlyForDeploymentPostprocessing = 0;
		};
		B5AB2BAD19F2E99D001681EB /* Resources */ = {
			isa = PBXResourcesBuildPhase;
			buildActionMask = 2147483647;
			files = (
			);
			runOnlyForDeploymentPostprocessing = 0;
		};
/* End PBXResourcesBuildPhase section */

/* Begin PBXShellScriptBuildPhase section */
		B5AB2BC319F2F817001681EB /* ShellScript */ = {
			isa = PBXShellScriptBuildPhase;
			buildActionMask = 2147483647;
			files = (
			);
			inputPaths = (
			);
			outputPaths = (
			);
			runOnlyForDeploymentPostprocessing = 0;
			shellPath = /bin/sh;
			shellScript = "#!/bin/bash\nbuildNumber=$(/usr/libexec/PlistBuddy -c \"Print CFBundleVersion\" \"$INFOPLIST_FILE\")\nbuildNumber=$(($buildNumber + 1))\n/usr/libexec/PlistBuddy -c \"Set :CFBundleVersion $buildNumber\" \"$INFOPLIST_FILE\"";
		};
/* End PBXShellScriptBuildPhase section */

/* Begin PBXSourcesBuildPhase section */
		B5AB2B9219F2E99D001681EB /* Sources */ = {
			isa = PBXSourcesBuildPhase;
			buildActionMask = 2147483647;
			files = (
				B5AB2BC219F2EC3B001681EB /* CNPGridMenu.m in Sources */,
				B5AB2BA219F2E99D001681EB /* ViewController.m in Sources */,
				B5AB2B9F19F2E99D001681EB /* AppDelegate.m in Sources */,
				B5AB2B9C19F2E99D001681EB /* main.m in Sources */,
			);
			runOnlyForDeploymentPostprocessing = 0;
		};
		B5AB2BAB19F2E99D001681EB /* Sources */ = {
			isa = PBXSourcesBuildPhase;
			buildActionMask = 2147483647;
			files = (
				B5AB2BB619F2E99D001681EB /* CNPGridMenuTests.m in Sources */,
			);
			runOnlyForDeploymentPostprocessing = 0;
		};
/* End PBXSourcesBuildPhase section */

/* Begin PBXTargetDependency section */
		B5AB2BB119F2E99D001681EB /* PBXTargetDependency */ = {
			isa = PBXTargetDependency;
			target = B5AB2B9519F2E99D001681EB /* CNPGridMenu */;
			targetProxy = B5AB2BB019F2E99D001681EB /* PBXContainerItemProxy */;
		};
/* End PBXTargetDependency section */

/* Begin PBXVariantGroup section */
		B5AB2BA319F2E99D001681EB /* Main.storyboard */ = {
			isa = PBXVariantGroup;
			children = (
				B5AB2BA419F2E99D001681EB /* Base */,
			);
			name = Main.storyboard;
			sourceTree = "<group>";
		};
		B5AB2BA819F2E99D001681EB /* LaunchScreen.xib */ = {
			isa = PBXVariantGroup;
			children = (
				B5AB2BA919F2E99D001681EB /* Base */,
			);
			name = LaunchScreen.xib;
			sourceTree = "<group>";
		};
/* End PBXVariantGroup section */

/* Begin XCBuildConfiguration section */
		B5AB2BB719F2E99D001681EB /* Debug */ = {
			isa = XCBuildConfiguration;
			buildSettings = {
				ALWAYS_SEARCH_USER_PATHS = NO;
				CLANG_CXX_LANGUAGE_STANDARD = "gnu++0x";
				CLANG_CXX_LIBRARY = "libc++";
				CLANG_ENABLE_MODULES = YES;
				CLANG_ENABLE_OBJC_ARC = YES;
				CLANG_WARN_BOOL_CONVERSION = YES;
				CLANG_WARN_CONSTANT_CONVERSION = YES;
				CLANG_WARN_DIRECT_OBJC_ISA_USAGE = YES_ERROR;
				CLANG_WARN_EMPTY_BODY = YES;
				CLANG_WARN_ENUM_CONVERSION = YES;
				CLANG_WARN_INT_CONVERSION = YES;
				CLANG_WARN_OBJC_ROOT_CLASS = YES_ERROR;
				CLANG_WARN_UNREACHABLE_CODE = YES;
				CLANG_WARN__DUPLICATE_METHOD_MATCH = YES;
				"CODE_SIGN_IDENTITY[sdk=iphoneos*]" = "iPhone Developer";
				COPY_PHASE_STRIP = NO;
				ENABLE_STRICT_OBJC_MSGSEND = YES;
				GCC_C_LANGUAGE_STANDARD = gnu99;
				GCC_DYNAMIC_NO_PIC = NO;
				GCC_OPTIMIZATION_LEVEL = 0;
				GCC_PREPROCESSOR_DEFINITIONS = (
					"DEBUG=1",
					"$(inherited)",
				);
				GCC_SYMBOLS_PRIVATE_EXTERN = NO;
				GCC_WARN_64_TO_32_BIT_CONVERSION = YES;
				GCC_WARN_ABOUT_RETURN_TYPE = YES_ERROR;
				GCC_WARN_UNDECLARED_SELECTOR = YES;
				GCC_WARN_UNINITIALIZED_AUTOS = YES_AGGRESSIVE;
				GCC_WARN_UNUSED_FUNCTION = YES;
				GCC_WARN_UNUSED_VARIABLE = YES;
				IPHONEOS_DEPLOYMENT_TARGET = 8.0;
				MTL_ENABLE_DEBUG_INFO = YES;
				ONLY_ACTIVE_ARCH = YES;
				SDKROOT = iphoneos;
				TARGETED_DEVICE_FAMILY = "1,2";
			};
			name = Debug;
		};
		B5AB2BB819F2E99D001681EB /* Release */ = {
			isa = XCBuildConfiguration;
			buildSettings = {
				ALWAYS_SEARCH_USER_PATHS = NO;
				CLANG_CXX_LANGUAGE_STANDARD = "gnu++0x";
				CLANG_CXX_LIBRARY = "libc++";
				CLANG_ENABLE_MODULES = YES;
				CLANG_ENABLE_OBJC_ARC = YES;
				CLANG_WARN_BOOL_CONVERSION = YES;
				CLANG_WARN_CONSTANT_CONVERSION = YES;
				CLANG_WARN_DIRECT_OBJC_ISA_USAGE = YES_ERROR;
				CLANG_WARN_EMPTY_BODY = YES;
				CLANG_WARN_ENUM_CONVERSION = YES;
				CLANG_WARN_INT_CONVERSION = YES;
				CLANG_WARN_OBJC_ROOT_CLASS = YES_ERROR;
				CLANG_WARN_UNREACHABLE_CODE = YES;
				CLANG_WARN__DUPLICATE_METHOD_MATCH = YES;
				"CODE_SIGN_IDENTITY[sdk=iphoneos*]" = "iPhone Developer";
				COPY_PHASE_STRIP = YES;
				ENABLE_NS_ASSERTIONS = NO;
				ENABLE_STRICT_OBJC_MSGSEND = YES;
				GCC_C_LANGUAGE_STANDARD = gnu99;
				GCC_WARN_64_TO_32_BIT_CONVERSION = YES;
				GCC_WARN_ABOUT_RETURN_TYPE = YES_ERROR;
				GCC_WARN_UNDECLARED_SELECTOR = YES;
				GCC_WARN_UNINITIALIZED_AUTOS = YES_AGGRESSIVE;
				GCC_WARN_UNUSED_FUNCTION = YES;
				GCC_WARN_UNUSED_VARIABLE = YES;
				IPHONEOS_DEPLOYMENT_TARGET = 8.0;
				MTL_ENABLE_DEBUG_INFO = NO;
				SDKROOT = iphoneos;
				TARGETED_DEVICE_FAMILY = "1,2";
				VALIDATE_PRODUCT = YES;
			};
			name = Release;
		};
		B5AB2BBA19F2E99D001681EB /* Debug */ = {
			isa = XCBuildConfiguration;
			buildSettings = {
				ASSETCATALOG_COMPILER_APPICON_NAME = AppIcon;
				CODE_SIGN_IDENTITY = "";
				INFOPLIST_FILE = CNPGridMenu/Info.plist;
				IPHONEOS_DEPLOYMENT_TARGET = 8.0;
				LD_RUNPATH_SEARCH_PATHS = "$(inherited) @executable_path/Frameworks";
				PRODUCT_NAME = "$(TARGET_NAME)";
				PROVISIONING_PROFILE = "eb7e63a4-38d0-434b-886f-2d0a95d23cb6";
			};
			name = Debug;
		};
		B5AB2BBB19F2E99D001681EB /* Release */ = {
			isa = XCBuildConfiguration;
			buildSettings = {
				ASSETCATALOG_COMPILER_APPICON_NAME = AppIcon;
				CODE_SIGN_IDENTITY = "";
				INFOPLIST_FILE = CNPGridMenu/Info.plist;
				IPHONEOS_DEPLOYMENT_TARGET = 8.0;
				LD_RUNPATH_SEARCH_PATHS = "$(inherited) @executable_path/Frameworks";
				PRODUCT_NAME = "$(TARGET_NAME)";
				PROVISIONING_PROFILE = "eb7e63a4-38d0-434b-886f-2d0a95d23cb6";
			};
			name = Release;
		};
		B5AB2BBD19F2E99D001681EB /* Debug */ = {
			isa = XCBuildConfiguration;
			buildSettings = {
				BUNDLE_LOADER = "$(TEST_HOST)";
				FRAMEWORK_SEARCH_PATHS = (
					"$(SDKROOT)/Developer/Library/Frameworks",
					"$(inherited)",
				);
				GCC_PREPROCESSOR_DEFINITIONS = (
					"DEBUG=1",
					"$(inherited)",
				);
				INFOPLIST_FILE = CNPGridMenuTests/Info.plist;
				LD_RUNPATH_SEARCH_PATHS = "$(inherited) @executable_path/Frameworks @loader_path/Frameworks";
				PRODUCT_NAME = "$(TARGET_NAME)";
				TEST_HOST = "$(BUILT_PRODUCTS_DIR)/CNPGridMenu.app/CNPGridMenu";
			};
			name = Debug;
		};
		B5AB2BBE19F2E99D001681EB /* Release */ = {
			isa = XCBuildConfiguration;
			buildSettings = {
				BUNDLE_LOADER = "$(TEST_HOST)";
				FRAMEWORK_SEARCH_PATHS = (
					"$(SDKROOT)/Developer/Library/Frameworks",
					"$(inherited)",
				);
				INFOPLIST_FILE = CNPGridMenuTests/Info.plist;
				LD_RUNPATH_SEARCH_PATHS = "$(inherited) @executable_path/Frameworks @loader_path/Frameworks";
				PRODUCT_NAME = "$(TARGET_NAME)";
				TEST_HOST = "$(BUILT_PRODUCTS_DIR)/CNPGridMenu.app/CNPGridMenu";
			};
			name = Release;
		};
/* End XCBuildConfiguration section */

/* Begin XCConfigurationList section */
		B5AB2B9119F2E99D001681EB /* Build configuration list for PBXProject "CNPGridMenu" */ = {
			isa = XCConfigurationList;
			buildConfigurations = (
				B5AB2BB719F2E99D001681EB /* Debug */,
				B5AB2BB819F2E99D001681EB /* Release */,
			);
			defaultConfigurationIsVisible = 0;
			defaultConfigurationName = Release;
		};
		B5AB2BB919F2E99D001681EB /* Build configuration list for PBXNativeTarget "CNPGridMenu" */ = {
			isa = XCConfigurationList;
			buildConfigurations = (
				B5AB2BBA19F2E99D001681EB /* Debug */,
				B5AB2BBB19F2E99D001681EB /* Release */,
			);
			defaultConfigurationIsVisible = 0;
			defaultConfigurationName = Release;
		};
		B5AB2BBC19F2E99D001681EB /* Build configuration list for PBXNativeTarget "CNPGridMenuTests" */ = {
			isa = XCConfigurationList;
			buildConfigurations = (
				B5AB2BBD19F2E99D001681EB /* Debug */,
				B5AB2BBE19F2E99D001681EB /* Release */,
			);
			defaultConfigurationIsVisible = 0;
			defaultConfigurationName = Release;
		};
/* End XCConfigurationList section */
	};
	rootObject = B5AB2B8E19F2E99D001681EB /* Project object */;
}
